
Microsoft Visual Studio Solution File, Format Version 12.00
# Visual Studio Version 16
VisualStudioVersion = 16.0.30204.135
MinimumVisualStudioVersion = 10.0.40219.1
Project("{FAE04EC0-301F-11D3-BF4B-00C04F79EFBC}") = "NewRelicLabs.KubernetesDemoApps.BasicApp", "NewRelicLabs.KubernetesDemoApps.BasicApp\NewRelicLabs.KubernetesDemoApps.BasicApp.csproj", "{BCDACD46-CAC7-465F-BC2F-B1C065C5BB01}"
EndProject
Project("{2150E333-8FDC-42A3-9474-1A3956D46DE8}") = "Solution Items", "Solution Items", "{E25AE408-367F-4D4E-9262-A6F6E86A4BCF}"
	ProjectSection(SolutionItems) = preProject
		README.md = README.md
	EndProjectSection
EndProject
Global
	GlobalSection(SolutionConfigurationPlatforms) = preSolution
		Debug|Any CPU = Debug|Any CPU
		Release|Any CPU = Release|Any CPU
	EndGlobalSection
	GlobalSection(ProjectConfigurationPlatforms) = postSolution
		{BCDACD46-CAC7-465F-BC2F-B1C065C5BB01}.Debug|Any CPU.ActiveCfg = Debug|Any CPU
		{BCDACD46-CAC7-465F-BC2F-B1C065C5BB01}.Debug|Any CPU.Build.0 = Debug|Any CPU
		{BCDACD46-CAC7-465F-BC2F-B1C065C5BB01}.Release|Any CPU.ActiveCfg = Release|Any CPU
		{BCDACD46-CAC7-465F-BC2F-B1C065C5BB01}.Release|Any CPU.Build.0 = Release|Any CPU
	EndGlobalSection
	GlobalSection(SolutionProperties) = preSolution
		HideSolutionNode = FALSE
	EndGlobalSection
	GlobalSection(ExtensibilityGlobals) = postSolution
		SolutionGuid = {97818D45-FBE3-4911-BC5C-E9BC971BA772}
	EndGlobalSection
EndGlobal
